
Microsoft Visual Studio Solution File, Format Version 12.00
# Visual Studio 15
VisualStudioVersion = 15.0.26730.15
MinimumVisualStudioVersion = 10.0.40219.1
Project("{FAE04EC0-301F-11D3-BF4B-00C04F79EFBC}") = "WService", "WService\WService.csproj", "{2353CBEB-1834-4E8C-82B6-BEFBCFA6426F}"
EndProject
Global
	GlobalSection(SolutionConfigurationPlatforms) = preSolution
		Debug|Any CPU = Debug|Any CPU
		Release|Any CPU = Release|Any CPU
	EndGlobalSection
	GlobalSection(ProjectConfigurationPlatforms) = postSolution
		{2353CBEB-1834-4E8C-82B6-BEFBCFA6426F}.Debug|Any CPU.ActiveCfg = Debug|Any CPU
		{2353CBEB-1834-4E8C-82B6-BEFBCFA6426F}.Debug|Any CPU.Build.0 = Debug|Any CPU
		{2353CBEB-1834-4E8C-82B6-BEFBCFA6426F}.Release|Any CPU.ActiveCfg = Release|Any CPU
		{2353CBEB-1834-4E8C-82B6-BEFBCFA6426F}.Release|Any CPU.Build.0 = Release|Any CPU
	EndGlobalSection
	GlobalSection(SolutionProperties) = preSolution
		HideSolutionNode = FALSE
	EndGlobalSection
	GlobalSection(ExtensibilityGlobals) = postSolution
		SolutionGuid = {75ABCA7E-03DD-4D5A-9330-5820F52EA6F0}
	EndGlobalSection
EndGlobal
